
Microsoft Visual Studio Solution File, Format Version 12.00
# Visual Studio 2012
Project("{8BC9CEB8-8B4A-11D0-8D11-00A0C91BC942}") = "ADT线性表", "ADT线性表\ADT线性表.vcxproj", "{0E0A87E6-90C4-4EAD-A323-AA5C8189CCB4}"
EndProject
Global
	GlobalSection(SolutionConfigurationPlatforms) = preSolution
		Debug|Win32 = Debug|Win32
		Release|Win32 = Release|Win32
	EndGlobalSection
	GlobalSection(ProjectConfigurationPlatforms) = postSolution
		{0E0A87E6-90C4-4EAD-A323-AA5C8189CCB4}.Debug|Win32.ActiveCfg = Debug|Win32
		{0E0A87E6-90C4-4EAD-A323-AA5C8189CCB4}.Debug|Win32.Build.0 = Debug|Win32
		{0E0A87E6-90C4-4EAD-A323-AA5C8189CCB4}.Release|Win32.ActiveCfg = Release|Win32
		{0E0A87E6-90C4-4EAD-A323-AA5C8189CCB4}.Release|Win32.Build.0 = Release|Win32
	EndGlobalSection
	GlobalSection(SolutionProperties) = preSolution
		HideSolutionNode = FALSE
	EndGlobalSection
EndGlobal
